
Microsoft Visual Studio Solution File, Format Version 11.00
# Visual C# Express 2010
Project("{FAE04EC0-301F-11D3-BF4B-00C04F79EFBC}") = "PrimePalindrome", "PrimePalindrome\PrimePalindrome.csproj", "{336821A3-E689-40A1-8F51-C6A4AAE17FEE}"
EndProject
Project("{FAE04EC0-301F-11D3-BF4B-00C04F79EFBC}") = "FizzBuzz", "FizzBuzz\FizzBuzz.csproj", "{EA28C958-AB8C-44E9-B45E-B635C9001417}"
EndProject
Project("{FAE04EC0-301F-11D3-BF4B-00C04F79EFBC}") = "SumOfPrimes", "SumOfPrimes\SumOfPrimes.csproj", "{258EEEEB-279C-4070-BF60-80A43FEDA5BB}"
EndProject
Project("{FAE04EC0-301F-11D3-BF4B-00C04F79EFBC}") = "ReverseWords", "ReverseWords\ReverseWords.csproj", "{CED33974-5E82-498F-B29F-C309A30DBD7C}"
EndProject
Project("{FAE04EC0-301F-11D3-BF4B-00C04F79EFBC}") = "MulitplesOfANumber", "MulitplesOfANumber\MulitplesOfANumber.csproj", "{AE6181FA-73AE-4A3F-8D3C-711D51D4F6D3}"
EndProject
Project("{FAE04EC0-301F-11D3-BF4B-00C04F79EFBC}") = "BitPositions", "BitPositions\BitPositions.csproj", "{7A6BC741-FBFB-49F7-9280-77FD71ED719A}"
EndProject
Project("{FAE04EC0-301F-11D3-BF4B-00C04F79EFBC}") = "Lowercase", "Lowercase\Lowercase.csproj", "{C7F7AE12-58C8-485B-B713-4B34FA05BA53}"
EndProject
Project("{FAE04EC0-301F-11D3-BF4B-00C04F79EFBC}") = "SumOfDigits", "SumOfDigits\SumOfDigits.csproj", "{A8D48555-8BC3-4528-950A-9C40396EBEE4}"
EndProject
Project("{FAE04EC0-301F-11D3-BF4B-00C04F79EFBC}") = "Fibonacci", "Fibonacci\Fibonacci.csproj", "{A488DE2A-F5EE-480B-9EA0-C374EB0360EB}"
EndProject
Project("{FAE04EC0-301F-11D3-BF4B-00C04F79EFBC}") = "MultiplicationTables", "MultiplicationTables\MultiplicationTables.csproj", "{269425ED-BED2-4913-949F-6BD21C043459}"
EndProject
Project("{FAE04EC0-301F-11D3-BF4B-00C04F79EFBC}") = "SumOfInts", "SumOfInts\SumOfInts.csproj", "{9A9F424C-44E2-4B30-A391-051F51A3D7A4}"
EndProject
Project("{FAE04EC0-301F-11D3-BF4B-00C04F79EFBC}") = "OddNumbers", "OddNumbers\OddNumbers.csproj", "{91C0A9EE-4255-4768-BBE6-B90E88D3702D}"
EndProject
Project("{FAE04EC0-301F-11D3-BF4B-00C04F79EFBC}") = "FileSize", "FileSize\FileSize.csproj", "{7F15D64C-9411-4A41-BB64-9C69C01BD8F8}"
EndProject
Project("{FAE04EC0-301F-11D3-BF4B-00C04F79EFBC}") = "UniqueElements", "UniqueElements\UniqueElements.csproj", "{5D4C58F6-AB3C-4621-B921-76CF041267A2}"
EndProject
Project("{FAE04EC0-301F-11D3-BF4B-00C04F79EFBC}") = "SetIntersection", "SetIntersection\SetIntersection.csproj", "{B2F08A8F-AC6B-4FBF-B5CE-326B55D80FCF}"
EndProject
Project("{FAE04EC0-301F-11D3-BF4B-00C04F79EFBC}") = "RightMostChar", "RightMostChar\RightMostChar.csproj", "{B2E29185-ABF5-4C96-B455-E826463AF30F}"
EndProject
Project("{FAE04EC0-301F-11D3-BF4B-00C04F79EFBC}") = "HappyNumbers", "HappyNumbers\HappyNumbers.csproj", "{C1D8025A-6D97-47CB-80F4-320200497F95}"
EndProject
Project("{FAE04EC0-301F-11D3-BF4B-00C04F79EFBC}") = "SelfDescribingNumbers", "SelfDescribingNumbers\SelfDescribingNumbers.csproj", "{7F1A6152-5D7A-41D3-B609-B7B99D6FB894}"
EndProject
Project("{FAE04EC0-301F-11D3-BF4B-00C04F79EFBC}") = "NmodM", "NmodM\NmodM.csproj", "{0F5021DC-DCFE-408F-8714-CE805BE1031C}"
EndProject
Project("{FAE04EC0-301F-11D3-BF4B-00C04F79EFBC}") = "HextoDecimal", "HextoDecimal\HextoDecimal.csproj", "{48443BD2-C676-4E2C-A4C0-58F06B4D18BC}"
EndProject
Project("{FAE04EC0-301F-11D3-BF4B-00C04F79EFBC}") = "ArmstrongNumbers", "ArmstrongNumbers\ArmstrongNumbers.csproj", "{B0DEBF86-C244-4E29-A653-7142F7D4CBF4}"
EndProject
Project("{FAE04EC0-301F-11D3-BF4B-00C04F79EFBC}") = "BeautifulStrings", "BeautifulStrings\BeautifulStrings.csproj", "{6AEA0651-9DE4-4ED1-8903-7F7E35105337}"
EndProject
Project("{FAE04EC0-301F-11D3-BF4B-00C04F79EFBC}") = "QueryBoard", "QueryBoard\QueryBoard.csproj", "{9E31049B-B19B-487F-888A-E0D48CA97531}"
EndProject
Project("{FAE04EC0-301F-11D3-BF4B-00C04F79EFBC}") = "SimpleSorting", "SimpleSorting\SimpleSorting.csproj", "{5DDA6E7E-CADD-4FBD-AC30-FCE0BF2805CA}"
EndProject
Project("{FAE04EC0-301F-11D3-BF4B-00C04F79EFBC}") = "PenultimateWord", "PenultimateWord\PenultimateWord.csproj", "{53CCE63D-69CB-45D5-8786-6854C2153B93}"
EndProject
Project("{FAE04EC0-301F-11D3-BF4B-00C04F79EFBC}") = "CapitalizeWords", "CapitalizeWords\CapitalizeWords.csproj", "{FA077F0D-E56D-4615-999D-C2ECB4F7C8B0}"
EndProject
Project("{FAE04EC0-301F-11D3-BF4B-00C04F79EFBC}") = "SwapCase", "SwapCase\SwapCase.csproj", "{2DEED9C1-6855-4488-9C38-AED5893CD9C2}"
EndProject
Project("{FAE04EC0-301F-11D3-BF4B-00C04F79EFBC}") = "FindAWriter", "FindAWriter\FindAWriter.csproj", "{9022591E-DDEF-492D-8B2E-2427D3A3F032}"
EndProject
Project("{FAE04EC0-301F-11D3-BF4B-00C04F79EFBC}") = "CalculateDistance", "CalculateDistance\CalculateDistance.csproj", "{3561EB95-04E4-4443-AB26-49AB10E56BA0}"
EndProject
Project("{FAE04EC0-301F-11D3-BF4B-00C04F79EFBC}") = "EvenNumbers", "EvenNumbers\EvenNumbers.csproj", "{071D6ADB-C7C6-4CF4-B77E-1690A1EBA146}"
EndProject
Project("{FAE04EC0-301F-11D3-BF4B-00C04F79EFBC}") = "JSONMenuIDs", "JSONMenuIDs\JSONMenuIDs.csproj", "{7C9A4642-17F4-4E3C-9F20-1EB40D88A1C1}"
EndProject
Project("{FAE04EC0-301F-11D3-BF4B-00C04F79EFBC}") = "LowestUniqueNumber", "LowestUniqueNumber\LowestUniqueNumber.csproj", "{23027D8F-AAC8-4E2C-8D9D-B7A9158276DF}"
EndProject
Project("{FAE04EC0-301F-11D3-BF4B-00C04F79EFBC}") = "WordToDigit", "WordToDigit\WordToDigit.csproj", "{DA0F70EE-CFA6-4DC7-94A4-A30149E8F4E5}"
EndProject
Project("{FAE04EC0-301F-11D3-BF4B-00C04F79EFBC}") = "RomanNumerals", "RomanNumerals\RomanNumerals.csproj", "{F4AB8D2E-5A53-4D97-857E-93CCB81F462E}"
EndProject
Project("{FAE04EC0-301F-11D3-BF4B-00C04F79EFBC}") = "ShortestRepetition", "ShortestRepetition\ShortestRepetition.csproj", "{7A7A7E38-DBEE-45BD-AE48-E5E46ACA18B0}"
EndProject
Project("{FAE04EC0-301F-11D3-BF4B-00C04F79EFBC}") = "LongestWord", "LongestWord\LongestWord.csproj", "{CBDC7E5C-E513-4354-BF0F-732F90809C14}"
EndProject
Project("{FAE04EC0-301F-11D3-BF4B-00C04F79EFBC}") = "SwapElements", "SwapElements\SwapElements.csproj", "{D74B3BEB-9E72-418D-B15E-2775B8CA6A96}"
EndProject
Project("{FAE04EC0-301F-11D3-BF4B-00C04F79EFBC}") = "MultiplyLists", "MultiplyLists\MultiplyLists.csproj", "{A4ACA8EB-AE0B-4ABC-9525-40647F331A75}"
EndProject
Project("{FAE04EC0-301F-11D3-BF4B-00C04F79EFBC}") = "MixedContent", "MixedContent\MixedContent.csproj", "{27A2714D-89CF-4725-AAB5-74B372D20836}"
EndProject
Project("{FAE04EC0-301F-11D3-BF4B-00C04F79EFBC}") = "MorseCode", "MorseCode\MorseCode.csproj", "{A1451AC6-C236-464E-BDF5-2A0B998D7367}"
EndProject
Project("{FAE04EC0-301F-11D3-BF4B-00C04F79EFBC}") = "HiddenDigits", "HiddenDigits\HiddenDigits.csproj", "{0B863BF1-391F-49BA-900D-8E72D8CD42B4}"
EndProject
Project("{FAE04EC0-301F-11D3-BF4B-00C04F79EFBC}") = "RoadTrip", "RoadTrip\RoadTrip.csproj", "{C42AAA1A-D1AE-4940-91C5-C1A17AC2AED1}"
EndProject
Project("{FAE04EC0-301F-11D3-BF4B-00C04F79EFBC}") = "CompressedSequence", "CompressedSequence\CompressedSequence.csproj", "{C406CC68-87E9-4C4B-BABF-DD9C58ED8558}"
EndProject
Project("{FAE04EC0-301F-11D3-BF4B-00C04F79EFBC}") = "SplitTheNumber", "SplitTheNumber\SplitTheNumber.csproj", "{0FBFB8D5-CEE6-4257-9281-AED768B3D007}"
EndProject
Project("{FAE04EC0-301F-11D3-BF4B-00C04F79EFBC}") = "MajorElement", "MajorElement\MajorElement.csproj", "{62B861D8-A607-430A-AB21-436D2DB05AC1}"
EndProject
Project("{FAE04EC0-301F-11D3-BF4B-00C04F79EFBC}") = "RacingCars", "RacingCars\RacingCars.csproj", "{CDFA4696-17B4-4E10-91FB-DB29862F90AB}"
EndProject
Project("{FAE04EC0-301F-11D3-BF4B-00C04F79EFBC}") = "WorkingExperience", "WorkingExperience\WorkingExperience.csproj", "{C67080D1-585B-42FB-A5E2-FBE90DC3F2D2}"
EndProject
Project("{FAE04EC0-301F-11D3-BF4B-00C04F79EFBC}") = "DataRecovery", "DataRecovery\DataRecovery.csproj", "{D74DA8CE-BE8C-43D7-BE72-EA35371390E1}"
EndProject
Project("{FAE04EC0-301F-11D3-BF4B-00C04F79EFBC}") = "LettercasePercentageRatio", "LettercasePercentageRatio\LettercasePercentageRatio.csproj", "{9BD19282-05A1-4B21-B0F5-BE82CBFC711F}"
EndProject
Global
	GlobalSection(SolutionConfigurationPlatforms) = preSolution
		Debug|x86 = Debug|x86
		Release|x86 = Release|x86
	EndGlobalSection
	GlobalSection(ProjectConfigurationPlatforms) = postSolution
		{336821A3-E689-40A1-8F51-C6A4AAE17FEE}.Debug|x86.ActiveCfg = Debug|x86
		{336821A3-E689-40A1-8F51-C6A4AAE17FEE}.Debug|x86.Build.0 = Debug|x86
		{336821A3-E689-40A1-8F51-C6A4AAE17FEE}.Release|x86.ActiveCfg = Release|x86
		{336821A3-E689-40A1-8F51-C6A4AAE17FEE}.Release|x86.Build.0 = Release|x86
		{EA28C958-AB8C-44E9-B45E-B635C9001417}.Debug|x86.ActiveCfg = Debug|x86
		{EA28C958-AB8C-44E9-B45E-B635C9001417}.Debug|x86.Build.0 = Debug|x86
		{EA28C958-AB8C-44E9-B45E-B635C9001417}.Release|x86.ActiveCfg = Release|x86
		{EA28C958-AB8C-44E9-B45E-B635C9001417}.Release|x86.Build.0 = Release|x86
		{258EEEEB-279C-4070-BF60-80A43FEDA5BB}.Debug|x86.ActiveCfg = Debug|x86
		{258EEEEB-279C-4070-BF60-80A43FEDA5BB}.Debug|x86.Build.0 = Debug|x86
		{258EEEEB-279C-4070-BF60-80A43FEDA5BB}.Release|x86.ActiveCfg = Release|x86
		{258EEEEB-279C-4070-BF60-80A43FEDA5BB}.Release|x86.Build.0 = Release|x86
		{CED33974-5E82-498F-B29F-C309A30DBD7C}.Debug|x86.ActiveCfg = Debug|x86
		{CED33974-5E82-498F-B29F-C309A30DBD7C}.Debug|x86.Build.0 = Debug|x86
		{CED33974-5E82-498F-B29F-C309A30DBD7C}.Release|x86.ActiveCfg = Release|x86
		{CED33974-5E82-498F-B29F-C309A30DBD7C}.Release|x86.Build.0 = Release|x86
		{AE6181FA-73AE-4A3F-8D3C-711D51D4F6D3}.Debug|x86.ActiveCfg = Debug|x86
		{AE6181FA-73AE-4A3F-8D3C-711D51D4F6D3}.Debug|x86.Build.0 = Debug|x86
		{AE6181FA-73AE-4A3F-8D3C-711D51D4F6D3}.Release|x86.ActiveCfg = Release|x86
		{AE6181FA-73AE-4A3F-8D3C-711D51D4F6D3}.Release|x86.Build.0 = Release|x86
		{7A6BC741-FBFB-49F7-9280-77FD71ED719A}.Debug|x86.ActiveCfg = Debug|x86
		{7A6BC741-FBFB-49F7-9280-77FD71ED719A}.Debug|x86.Build.0 = Debug|x86
		{7A6BC741-FBFB-49F7-9280-77FD71ED719A}.Release|x86.ActiveCfg = Release|x86
		{7A6BC741-FBFB-49F7-9280-77FD71ED719A}.Release|x86.Build.0 = Release|x86
		{C7F7AE12-58C8-485B-B713-4B34FA05BA53}.Debug|x86.ActiveCfg = Debug|x86
		{C7F7AE12-58C8-485B-B713-4B34FA05BA53}.Debug|x86.Build.0 = Debug|x86
		{C7F7AE12-58C8-485B-B713-4B34FA05BA53}.Release|x86.ActiveCfg = Release|x86
		{C7F7AE12-58C8-485B-B713-4B34FA05BA53}.Release|x86.Build.0 = Release|x86
		{A8D48555-8BC3-4528-950A-9C40396EBEE4}.Debug|x86.ActiveCfg = Debug|x86
		{A8D48555-8BC3-4528-950A-9C40396EBEE4}.Debug|x86.Build.0 = Debug|x86
		{A8D48555-8BC3-4528-950A-9C40396EBEE4}.Release|x86.ActiveCfg = Release|x86
		{A8D48555-8BC3-4528-950A-9C40396EBEE4}.Release|x86.Build.0 = Release|x86
		{A488DE2A-F5EE-480B-9EA0-C374EB0360EB}.Debug|x86.ActiveCfg = Debug|x86
		{A488DE2A-F5EE-480B-9EA0-C374EB0360EB}.Debug|x86.Build.0 = Debug|x86
		{A488DE2A-F5EE-480B-9EA0-C374EB0360EB}.Release|x86.ActiveCfg = Release|x86
		{A488DE2A-F5EE-480B-9EA0-C374EB0360EB}.Release|x86.Build.0 = Release|x86
		{269425ED-BED2-4913-949F-6BD21C043459}.Debug|x86.ActiveCfg = Debug|x86
		{269425ED-BED2-4913-949F-6BD21C043459}.Debug|x86.Build.0 = Debug|x86
		{269425ED-BED2-4913-949F-6BD21C043459}.Release|x86.ActiveCfg = Release|x86
		{269425ED-BED2-4913-949F-6BD21C043459}.Release|x86.Build.0 = Release|x86
		{9A9F424C-44E2-4B30-A391-051F51A3D7A4}.Debug|x86.ActiveCfg = Debug|x86
		{9A9F424C-44E2-4B30-A391-051F51A3D7A4}.Debug|x86.Build.0 = Debug|x86
		{9A9F424C-44E2-4B30-A391-051F51A3D7A4}.Release|x86.ActiveCfg = Release|x86
		{9A9F424C-44E2-4B30-A391-051F51A3D7A4}.Release|x86.Build.0 = Release|x86
		{91C0A9EE-4255-4768-BBE6-B90E88D3702D}.Debug|x86.ActiveCfg = Debug|x86
		{91C0A9EE-4255-4768-BBE6-B90E88D3702D}.Debug|x86.Build.0 = Debug|x86
		{91C0A9EE-4255-4768-BBE6-B90E88D3702D}.Release|x86.ActiveCfg = Release|x86
		{91C0A9EE-4255-4768-BBE6-B90E88D3702D}.Release|x86.Build.0 = Release|x86
		{7F15D64C-9411-4A41-BB64-9C69C01BD8F8}.Debug|x86.ActiveCfg = Debug|x86
		{7F15D64C-9411-4A41-BB64-9C69C01BD8F8}.Debug|x86.Build.0 = Debug|x86
		{7F15D64C-9411-4A41-BB64-9C69C01BD8F8}.Release|x86.ActiveCfg = Release|x86
		{7F15D64C-9411-4A41-BB64-9C69C01BD8F8}.Release|x86.Build.0 = Release|x86
		{5D4C58F6-AB3C-4621-B921-76CF041267A2}.Debug|x86.ActiveCfg = Debug|x86
		{5D4C58F6-AB3C-4621-B921-76CF041267A2}.Debug|x86.Build.0 = Debug|x86
		{5D4C58F6-AB3C-4621-B921-76CF041267A2}.Release|x86.ActiveCfg = Release|x86
		{5D4C58F6-AB3C-4621-B921-76CF041267A2}.Release|x86.Build.0 = Release|x86
		{B2F08A8F-AC6B-4FBF-B5CE-326B55D80FCF}.Debug|x86.ActiveCfg = Debug|x86
		{B2F08A8F-AC6B-4FBF-B5CE-326B55D80FCF}.Debug|x86.Build.0 = Debug|x86
		{B2F08A8F-AC6B-4FBF-B5CE-326B55D80FCF}.Release|x86.ActiveCfg = Release|x86
		{B2F08A8F-AC6B-4FBF-B5CE-326B55D80FCF}.Release|x86.Build.0 = Release|x86
		{B2E29185-ABF5-4C96-B455-E826463AF30F}.Debug|x86.ActiveCfg = Debug|x86
		{B2E29185-ABF5-4C96-B455-E826463AF30F}.Debug|x86.Build.0 = Debug|x86
		{B2E29185-ABF5-4C96-B455-E826463AF30F}.Release|x86.ActiveCfg = Release|x86
		{B2E29185-ABF5-4C96-B455-E826463AF30F}.Release|x86.Build.0 = Release|x86
		{C1D8025A-6D97-47CB-80F4-320200497F95}.Debug|x86.ActiveCfg = Debug|x86
		{C1D8025A-6D97-47CB-80F4-320200497F95}.Debug|x86.Build.0 = Debug|x86
		{C1D8025A-6D97-47CB-80F4-320200497F95}.Release|x86.ActiveCfg = Release|x86
		{C1D8025A-6D97-47CB-80F4-320200497F95}.Release|x86.Build.0 = Release|x86
		{7F1A6152-5D7A-41D3-B609-B7B99D6FB894}.Debug|x86.ActiveCfg = Debug|x86
		{7F1A6152-5D7A-41D3-B609-B7B99D6FB894}.Debug|x86.Build.0 = Debug|x86
		{7F1A6152-5D7A-41D3-B609-B7B99D6FB894}.Release|x86.ActiveCfg = Release|x86
		{7F1A6152-5D7A-41D3-B609-B7B99D6FB894}.Release|x86.Build.0 = Release|x86
		{0F5021DC-DCFE-408F-8714-CE805BE1031C}.Debug|x86.ActiveCfg = Debug|x86
		{0F5021DC-DCFE-408F-8714-CE805BE1031C}.Debug|x86.Build.0 = Debug|x86
		{0F5021DC-DCFE-408F-8714-CE805BE1031C}.Release|x86.ActiveCfg = Release|x86
		{0F5021DC-DCFE-408F-8714-CE805BE1031C}.Release|x86.Build.0 = Release|x86
		{48443BD2-C676-4E2C-A4C0-58F06B4D18BC}.Debug|x86.ActiveCfg = Debug|x86
		{48443BD2-C676-4E2C-A4C0-58F06B4D18BC}.Debug|x86.Build.0 = Debug|x86
		{48443BD2-C676-4E2C-A4C0-58F06B4D18BC}.Release|x86.ActiveCfg = Release|x86
		{48443BD2-C676-4E2C-A4C0-58F06B4D18BC}.Release|x86.Build.0 = Release|x86
		{B0DEBF86-C244-4E29-A653-7142F7D4CBF4}.Debug|x86.ActiveCfg = Debug|x86
		{B0DEBF86-C244-4E29-A653-7142F7D4CBF4}.Debug|x86.Build.0 = Debug|x86
		{B0DEBF86-C244-4E29-A653-7142F7D4CBF4}.Release|x86.ActiveCfg = Release|x86
		{B0DEBF86-C244-4E29-A653-7142F7D4CBF4}.Release|x86.Build.0 = Release|x86
		{6AEA0651-9DE4-4ED1-8903-7F7E35105337}.Debug|x86.ActiveCfg = Debug|x86
		{6AEA0651-9DE4-4ED1-8903-7F7E35105337}.Debug|x86.Build.0 = Debug|x86
		{6AEA0651-9DE4-4ED1-8903-7F7E35105337}.Release|x86.ActiveCfg = Release|x86
		{6AEA0651-9DE4-4ED1-8903-7F7E35105337}.Release|x86.Build.0 = Release|x86
		{9E31049B-B19B-487F-888A-E0D48CA97531}.Debug|x86.ActiveCfg = Debug|x86
		{9E31049B-B19B-487F-888A-E0D48CA97531}.Debug|x86.Build.0 = Debug|x86
		{9E31049B-B19B-487F-888A-E0D48CA97531}.Release|x86.ActiveCfg = Release|x86
		{9E31049B-B19B-487F-888A-E0D48CA97531}.Release|x86.Build.0 = Release|x86
		{5DDA6E7E-CADD-4FBD-AC30-FCE0BF2805CA}.Debug|x86.ActiveCfg = Debug|x86
		{5DDA6E7E-CADD-4FBD-AC30-FCE0BF2805CA}.Debug|x86.Build.0 = Debug|x86
		{5DDA6E7E-CADD-4FBD-AC30-FCE0BF2805CA}.Release|x86.ActiveCfg = Release|x86
		{5DDA6E7E-CADD-4FBD-AC30-FCE0BF2805CA}.Release|x86.Build.0 = Release|x86
		{53CCE63D-69CB-45D5-8786-6854C2153B93}.Debug|x86.ActiveCfg = Debug|x86
		{53CCE63D-69CB-45D5-8786-6854C2153B93}.Debug|x86.Build.0 = Debug|x86
		{53CCE63D-69CB-45D5-8786-6854C2153B93}.Release|x86.ActiveCfg = Release|x86
		{53CCE63D-69CB-45D5-8786-6854C2153B93}.Release|x86.Build.0 = Release|x86
		{FA077F0D-E56D-4615-999D-C2ECB4F7C8B0}.Debug|x86.ActiveCfg = Debug|x86
		{FA077F0D-E56D-4615-999D-C2ECB4F7C8B0}.Debug|x86.Build.0 = Debug|x86
		{FA077F0D-E56D-4615-999D-C2ECB4F7C8B0}.Release|x86.ActiveCfg = Release|x86
		{FA077F0D-E56D-4615-999D-C2ECB4F7C8B0}.Release|x86.Build.0 = Release|x86
		{2DEED9C1-6855-4488-9C38-AED5893CD9C2}.Debug|x86.ActiveCfg = Debug|x86
		{2DEED9C1-6855-4488-9C38-AED5893CD9C2}.Debug|x86.Build.0 = Debug|x86
		{2DEED9C1-6855-4488-9C38-AED5893CD9C2}.Release|x86.ActiveCfg = Release|x86
		{2DEED9C1-6855-4488-9C38-AED5893CD9C2}.Release|x86.Build.0 = Release|x86
		{9022591E-DDEF-492D-8B2E-2427D3A3F032}.Debug|x86.ActiveCfg = Debug|x86
		{9022591E-DDEF-492D-8B2E-2427D3A3F032}.Debug|x86.Build.0 = Debug|x86
		{9022591E-DDEF-492D-8B2E-2427D3A3F032}.Release|x86.ActiveCfg = Release|x86
		{9022591E-DDEF-492D-8B2E-2427D3A3F032}.Release|x86.Build.0 = Release|x86
		{3561EB95-04E4-4443-AB26-49AB10E56BA0}.Debug|x86.ActiveCfg = Debug|x86
		{3561EB95-04E4-4443-AB26-49AB10E56BA0}.Debug|x86.Build.0 = Debug|x86
		{3561EB95-04E4-4443-AB26-49AB10E56BA0}.Release|x86.ActiveCfg = Release|x86
		{3561EB95-04E4-4443-AB26-49AB10E56BA0}.Release|x86.Build.0 = Release|x86
		{071D6ADB-C7C6-4CF4-B77E-1690A1EBA146}.Debug|x86.ActiveCfg = Debug|x86
		{071D6ADB-C7C6-4CF4-B77E-1690A1EBA146}.Debug|x86.Build.0 = Debug|x86
		{071D6ADB-C7C6-4CF4-B77E-1690A1EBA146}.Release|x86.ActiveCfg = Release|x86
		{071D6ADB-C7C6-4CF4-B77E-1690A1EBA146}.Release|x86.Build.0 = Release|x86
		{7C9A4642-17F4-4E3C-9F20-1EB40D88A1C1}.Debug|x86.ActiveCfg = Debug|x86
		{7C9A4642-17F4-4E3C-9F20-1EB40D88A1C1}.Debug|x86.Build.0 = Debug|x86
		{7C9A4642-17F4-4E3C-9F20-1EB40D88A1C1}.Release|x86.ActiveCfg = Release|x86
		{7C9A4642-17F4-4E3C-9F20-1EB40D88A1C1}.Release|x86.Build.0 = Release|x86
		{23027D8F-AAC8-4E2C-8D9D-B7A9158276DF}.Debug|x86.ActiveCfg = Debug|x86
		{23027D8F-AAC8-4E2C-8D9D-B7A9158276DF}.Debug|x86.Build.0 = Debug|x86
		{23027D8F-AAC8-4E2C-8D9D-B7A9158276DF}.Release|x86.ActiveCfg = Release|x86
		{23027D8F-AAC8-4E2C-8D9D-B7A9158276DF}.Release|x86.Build.0 = Release|x86
		{DA0F70EE-CFA6-4DC7-94A4-A30149E8F4E5}.Debug|x86.ActiveCfg = Debug|x86
		{DA0F70EE-CFA6-4DC7-94A4-A30149E8F4E5}.Debug|x86.Build.0 = Debug|x86
		{DA0F70EE-CFA6-4DC7-94A4-A30149E8F4E5}.Release|x86.ActiveCfg = Release|x86
		{DA0F70EE-CFA6-4DC7-94A4-A30149E8F4E5}.Release|x86.Build.0 = Release|x86
		{F4AB8D2E-5A53-4D97-857E-93CCB81F462E}.Debug|x86.ActiveCfg = Debug|x86
		{F4AB8D2E-5A53-4D97-857E-93CCB81F462E}.Debug|x86.Build.0 = Debug|x86
		{F4AB8D2E-5A53-4D97-857E-93CCB81F462E}.Release|x86.ActiveCfg = Release|x86
		{F4AB8D2E-5A53-4D97-857E-93CCB81F462E}.Release|x86.Build.0 = Release|x86
		{7A7A7E38-DBEE-45BD-AE48-E5E46ACA18B0}.Debug|x86.ActiveCfg = Debug|x86
		{7A7A7E38-DBEE-45BD-AE48-E5E46ACA18B0}.Debug|x86.Build.0 = Debug|x86
		{7A7A7E38-DBEE-45BD-AE48-E5E46ACA18B0}.Release|x86.ActiveCfg = Release|x86
		{7A7A7E38-DBEE-45BD-AE48-E5E46ACA18B0}.Release|x86.Build.0 = Release|x86
		{CBDC7E5C-E513-4354-BF0F-732F90809C14}.Debug|x86.ActiveCfg = Debug|x86
		{CBDC7E5C-E513-4354-BF0F-732F90809C14}.Debug|x86.Build.0 = Debug|x86
		{CBDC7E5C-E513-4354-BF0F-732F90809C14}.Release|x86.ActiveCfg = Release|x86
		{CBDC7E5C-E513-4354-BF0F-732F90809C14}.Release|x86.Build.0 = Release|x86
		{D74B3BEB-9E72-418D-B15E-2775B8CA6A96}.Debug|x86.ActiveCfg = Debug|x86
		{D74B3BEB-9E72-418D-B15E-2775B8CA6A96}.Debug|x86.Build.0 = Debug|x86
		{D74B3BEB-9E72-418D-B15E-2775B8CA6A96}.Release|x86.ActiveCfg = Release|x86
		{D74B3BEB-9E72-418D-B15E-2775B8CA6A96}.Release|x86.Build.0 = Release|x86
		{A4ACA8EB-AE0B-4ABC-9525-40647F331A75}.Debug|x86.ActiveCfg = Debug|x86
		{A4ACA8EB-AE0B-4ABC-9525-40647F331A75}.Debug|x86.Build.0 = Debug|x86
		{A4ACA8EB-AE0B-4ABC-9525-40647F331A75}.Release|x86.ActiveCfg = Release|x86
		{A4ACA8EB-AE0B-4ABC-9525-40647F331A75}.Release|x86.Build.0 = Release|x86
		{27A2714D-89CF-4725-AAB5-74B372D20836}.Debug|x86.ActiveCfg = Debug|x86
		{27A2714D-89CF-4725-AAB5-74B372D20836}.Debug|x86.Build.0 = Debug|x86
		{27A2714D-89CF-4725-AAB5-74B372D20836}.Release|x86.ActiveCfg = Release|x86
		{27A2714D-89CF-4725-AAB5-74B372D20836}.Release|x86.Build.0 = Release|x86
		{A1451AC6-C236-464E-BDF5-2A0B998D7367}.Debug|x86.ActiveCfg = Debug|x86
		{A1451AC6-C236-464E-BDF5-2A0B998D7367}.Debug|x86.Build.0 = Debug|x86
		{A1451AC6-C236-464E-BDF5-2A0B998D7367}.Release|x86.ActiveCfg = Release|x86
		{A1451AC6-C236-464E-BDF5-2A0B998D7367}.Release|x86.Build.0 = Release|x86
		{0B863BF1-391F-49BA-900D-8E72D8CD42B4}.Debug|x86.ActiveCfg = Debug|x86
		{0B863BF1-391F-49BA-900D-8E72D8CD42B4}.Debug|x86.Build.0 = Debug|x86
		{0B863BF1-391F-49BA-900D-8E72D8CD42B4}.Release|x86.ActiveCfg = Release|x86
		{0B863BF1-391F-49BA-900D-8E72D8CD42B4}.Release|x86.Build.0 = Release|x86
		{C42AAA1A-D1AE-4940-91C5-C1A17AC2AED1}.Debug|x86.ActiveCfg = Debug|x86
		{C42AAA1A-D1AE-4940-91C5-C1A17AC2AED1}.Debug|x86.Build.0 = Debug|x86
		{C42AAA1A-D1AE-4940-91C5-C1A17AC2AED1}.Release|x86.ActiveCfg = Release|x86
		{C42AAA1A-D1AE-4940-91C5-C1A17AC2AED1}.Release|x86.Build.0 = Release|x86
		{C406CC68-87E9-4C4B-BABF-DD9C58ED8558}.Debug|x86.ActiveCfg = Debug|x86
		{C406CC68-87E9-4C4B-BABF-DD9C58ED8558}.Debug|x86.Build.0 = Debug|x86
		{C406CC68-87E9-4C4B-BABF-DD9C58ED8558}.Release|x86.ActiveCfg = Release|x86
		{C406CC68-87E9-4C4B-BABF-DD9C58ED8558}.Release|x86.Build.0 = Release|x86
		{0FBFB8D5-CEE6-4257-9281-AED768B3D007}.Debug|x86.ActiveCfg = Debug|x86
		{0FBFB8D5-CEE6-4257-9281-AED768B3D007}.Debug|x86.Build.0 = Debug|x86
		{0FBFB8D5-CEE6-4257-9281-AED768B3D007}.Release|x86.ActiveCfg = Release|x86
		{0FBFB8D5-CEE6-4257-9281-AED768B3D007}.Release|x86.Build.0 = Release|x86
		{62B861D8-A607-430A-AB21-436D2DB05AC1}.Debug|x86.ActiveCfg = Debug|x86
		{62B861D8-A607-430A-AB21-436D2DB05AC1}.Debug|x86.Build.0 = Debug|x86
		{62B861D8-A607-430A-AB21-436D2DB05AC1}.Release|x86.ActiveCfg = Release|x86
		{62B861D8-A607-430A-AB21-436D2DB05AC1}.Release|x86.Build.0 = Release|x86
		{CDFA4696-17B4-4E10-91FB-DB29862F90AB}.Debug|x86.ActiveCfg = Debug|x86
		{CDFA4696-17B4-4E10-91FB-DB29862F90AB}.Debug|x86.Build.0 = Debug|x86
		{CDFA4696-17B4-4E10-91FB-DB29862F90AB}.Release|x86.ActiveCfg = Release|x86
		{CDFA4696-17B4-4E10-91FB-DB29862F90AB}.Release|x86.Build.0 = Release|x86
		{C67080D1-585B-42FB-A5E2-FBE90DC3F2D2}.Debug|x86.ActiveCfg = Debug|x86
		{C67080D1-585B-42FB-A5E2-FBE90DC3F2D2}.Debug|x86.Build.0 = Debug|x86
		{C67080D1-585B-42FB-A5E2-FBE90DC3F2D2}.Release|x86.ActiveCfg = Release|x86
		{C67080D1-585B-42FB-A5E2-FBE90DC3F2D2}.Release|x86.Build.0 = Release|x86
		{D74DA8CE-BE8C-43D7-BE72-EA35371390E1}.Debug|x86.ActiveCfg = Debug|x86
		{D74DA8CE-BE8C-43D7-BE72-EA35371390E1}.Debug|x86.Build.0 = Debug|x86
		{D74DA8CE-BE8C-43D7-BE72-EA35371390E1}.Release|x86.ActiveCfg = Release|x86
		{D74DA8CE-BE8C-43D7-BE72-EA35371390E1}.Release|x86.Build.0 = Release|x86
		{9BD19282-05A1-4B21-B0F5-BE82CBFC711F}.Debug|x86.ActiveCfg = Debug|x86
		{9BD19282-05A1-4B21-B0F5-BE82CBFC711F}.Debug|x86.Build.0 = Debug|x86
		{9BD19282-05A1-4B21-B0F5-BE82CBFC711F}.Release|x86.ActiveCfg = Release|x86
		{9BD19282-05A1-4B21-B0F5-BE82CBFC711F}.Release|x86.Build.0 = Release|x86
	EndGlobalSection
	GlobalSection(SolutionProperties) = preSolution
		HideSolutionNode = FALSE
	EndGlobalSection
EndGlobal
